PODS:
  - Mediasoup-Client-Swift (0.8.1)

DEPENDENCIES:
  - Mediasoup-Client-Swift (from `../`)

EXTERNAL SOURCES:
  Mediasoup-Client-Swift:
    :path: "../"

SPEC CHECKSUMS:
  Mediasoup-Client-Swift: 3137c3db16de07aab3a9f771bc31254372f7b0bb

PODFILE CHECKSUM: d4fe3294dd9c7fc46519b6a7b26527f1f545e8d3

COCOAPODS: 1.14.3
