PODS:
  - Mediasoup-Client-Swift (0.10.3)

DEPENDENCIES:
  - Mediasoup-Client-Swift (from `../`)

EXTERNAL SOURCES:
  Mediasoup-Client-Swift:
    :path: "../"

SPEC CHECKSUMS:
  Mediasoup-Client-Swift: c3ee536d7909369346178af36ace9e56f53887a5

PODFILE CHECKSUM: d4fe3294dd9c7fc46519b6a7b26527f1f545e8d3

COCOAPODS: 1.16.2
