// !$*UTF8*$!
{
	archiveVersion = 1;
	classes = {
	};
	objectVersion = 55;
	objects = {

/* Begin PBXBuildFile section */
		09CE0CE03B386BC8BF55D9B8 /* Pods_MediasoupExample.framework in Frameworks */ = {isa = PBXBuildFile; fileRef = 5E91CE474799368038E8CD2B /* Pods_MediasoupExample.framework */; };
		FF3AEE1B27F2D797001A81AB /* AppDelegate.swift in Sources */ = {isa = PBXBuildFile; fileRef = FF3AEE1A27F2D797001A81AB /* AppDelegate.swift */; };
		FF3AEE1F27F2D797001A81AB /* ViewController.swift in Sources */ = {isa = PBXBuildFile; fileRef = FF3AEE1E27F2D797001A81AB /* ViewController.swift */; };
		FF3AEE2227F2D797001A81AB /* Main.storyboard in Resources */ = {isa = PBXBuildFile; fileRef = FF3AEE2027F2D797001A81AB /* Main.storyboard */; };
		FF3AEE2427F2D798001A81AB /* Assets.xcassets in Resources */ = {isa = PBXBuildFile; fileRef = FF3AEE2327F2D798001A81AB /* Assets.xcassets */; };
		FF3AEE2727F2D798001A81AB /* LaunchScreen.storyboard in Resources */ = {isa = PBXBuildFile; fileRef = FF3AEE2527F2D798001A81AB /* LaunchScreen.storyboard */; };
		FF7FA6C727FE9370000B6470 /* TestData.swift in Sources */ = {isa = PBXBuildFile; fileRef = FF7FA6C627FE9370000B6470 /* TestData.swift */; };
		FF89EFD827F6CABA00EEF5CD /* SceneDelegate.swift in Sources */ = {isa = PBXBuildFile; fileRef = FF89EFD727F6CABA00EEF5CD /* SceneDelegate.swift */; };
/* End PBXBuildFile section */

/* Begin PBXFileReference section */
		43C2CA13694CA59A555C2BC4 /* Pods-MediasoupExample.debug.xcconfig */ = {isa = PBXFileReference; includeInIndex = 1; lastKnownFileType = text.xcconfig; name = "Pods-MediasoupExample.debug.xcconfig"; path = "Target Support Files/Pods-MediasoupExample/Pods-MediasoupExample.debug.xcconfig"; sourceTree = "<group>"; };
		5E91CE474799368038E8CD2B /* Pods_MediasoupExample.framework */ = {isa = PBXFileReference; explicitFileType = wrapper.framework; includeInIndex = 0; path = Pods_MediasoupExample.framework; sourceTree = BUILT_PRODUCTS_DIR; };
		9D585EBF83F0B1E68E365F1F /* Pods-MediasoupExample.release.xcconfig */ = {isa = PBXFileReference; includeInIndex = 1; lastKnownFileType = text.xcconfig; name = "Pods-MediasoupExample.release.xcconfig"; path = "Target Support Files/Pods-MediasoupExample/Pods-MediasoupExample.release.xcconfig"; sourceTree = "<group>"; };
		FF3AEE1727F2D797001A81AB /* MediasoupExample.app */ = {isa = PBXFileReference; explicitFileType = wrapper.application; includeInIndex = 0; path = MediasoupExample.app; sourceTree = BUILT_PRODUCTS_DIR; };
		FF3AEE1A27F2D797001A81AB /* AppDelegate.swift */ = {isa = PBXFileReference; lastKnownFileType = sourcecode.swift; path = AppDelegate.swift; sourceTree = "<group>"; };
		FF3AEE1E27F2D797001A81AB /* ViewController.swift */ = {isa = PBXFileReference; lastKnownFileType = sourcecode.swift; path = ViewController.swift; sourceTree = "<group>"; };
		FF3AEE2127F2D797001A81AB /* Base */ = {isa = PBXFileReference; lastKnownFileType = file.storyboard; name = Base; path = Base.lproj/Main.storyboard; sourceTree = "<group>"; };
		FF3AEE2327F2D798001A81AB /* Assets.xcassets */ = {isa = PBXFileReference; lastKnownFileType = folder.assetcatalog; path = Assets.xcassets; sourceTree = "<group>"; };
		FF3AEE2627F2D798001A81AB /* Base */ = {isa = PBXFileReference; lastKnownFileType = file.storyboard; name = Base; path = Base.lproj/LaunchScreen.storyboard; sourceTree = "<group>"; };
		FF3AEE2827F2D798001A81AB /* Info.plist */ = {isa = PBXFileReference; lastKnownFileType = text.plist.xml; path = Info.plist; sourceTree = "<group>"; };
		FF7FA6C627FE9370000B6470 /* TestData.swift */ = {isa = PBXFileReference; lastKnownFileType = sourcecode.swift; path = TestData.swift; sourceTree = "<group>"; };
		FF89EFD727F6CABA00EEF5CD /* SceneDelegate.swift */ = {isa = PBXFileReference; fileEncoding = 4; lastKnownFileType = sourcecode.swift; path = SceneDelegate.swift; sourceTree = "<group>"; };
/* End PBXFileReference section */

/* Begin PBXFrameworksBuildPhase section */
		FF3AEE1427F2D797001A81AB /* Frameworks */ = {
			isa = PBXFrameworksBuildPhase;
			buildActionMask = 2147483647;
			files = (
				09CE0CE03B386BC8BF55D9B8 /* Pods_MediasoupExample.framework in Frameworks */,
			);
			runOnlyForDeploymentPostprocessing = 0;
		};
/* End PBXFrameworksBuildPhase section */

/* Begin PBXGroup section */
		4E05DD4E98BDE9FBED8D2868 /* Frameworks */ = {
			isa = PBXGroup;
			children = (
				5E91CE474799368038E8CD2B /* Pods_MediasoupExample.framework */,
			);
			name = Frameworks;
			sourceTree = "<group>";
		};
		9379F01D91715FC3C5A52BEC /* Pods */ = {
			isa = PBXGroup;
			children = (
				43C2CA13694CA59A555C2BC4 /* Pods-MediasoupExample.debug.xcconfig */,
				9D585EBF83F0B1E68E365F1F /* Pods-MediasoupExample.release.xcconfig */,
			);
			path = Pods;
			sourceTree = "<group>";
		};
		FF3AEE0E27F2D797001A81AB = {
			isa = PBXGroup;
			children = (
				FF3AEE1927F2D797001A81AB /* MediasoupExample */,
				FF3AEE1827F2D797001A81AB /* Products */,
				9379F01D91715FC3C5A52BEC /* Pods */,
				4E05DD4E98BDE9FBED8D2868 /* Frameworks */,
			);
			sourceTree = "<group>";
		};
		FF3AEE1827F2D797001A81AB /* Products */ = {
			isa = PBXGroup;
			children = (
				FF3AEE1727F2D797001A81AB /* MediasoupExample.app */,
			);
			name = Products;
			sourceTree = "<group>";
		};
		FF3AEE1927F2D797001A81AB /* MediasoupExample */ = {
			isa = PBXGroup;
			children = (
				FF3AEE1A27F2D797001A81AB /* AppDelegate.swift */,
				FF89EFD727F6CABA00EEF5CD /* SceneDelegate.swift */,
				FF3AEE1E27F2D797001A81AB /* ViewController.swift */,
				FF3AEE2027F2D797001A81AB /* Main.storyboard */,
				FF3AEE2327F2D798001A81AB /* Assets.xcassets */,
				FF3AEE2527F2D798001A81AB /* LaunchScreen.storyboard */,
				FF3AEE2827F2D798001A81AB /* Info.plist */,
				FF7FA6C627FE9370000B6470 /* TestData.swift */,
			);
			path = MediasoupExample;
			sourceTree = "<group>";
		};
/* End PBXGroup section */

/* Begin PBXNativeTarget section */
		FF3AEE1627F2D797001A81AB /* MediasoupExample */ = {
			isa = PBXNativeTarget;
			buildConfigurationList = FF3AEE2B27F2D798001A81AB /* Build configuration list for PBXNativeTarget "MediasoupExample" */;
			buildPhases = (
				5CF479DC17C1FEAD3B0B6963 /* [CP] Check Pods Manifest.lock */,
				FF3AEE1327F2D797001A81AB /* Sources */,
				FF3AEE1427F2D797001A81AB /* Frameworks */,
				FF3AEE1527F2D797001A81AB /* Resources */,
				C1154C9023AFFD07846E6EA9 /* [CP] Embed Pods Frameworks */,
			);
			buildRules = (
			);
			dependencies = (
			);
			name = MediasoupExample;
			productName = MediasoupExample;
			productReference = FF3AEE1727F2D797001A81AB /* MediasoupExample.app */;
			productType = "com.apple.product-type.application";
		};
/* End PBXNativeTarget section */

/* Begin PBXProject section */
		FF3AEE0F27F2D797001A81AB /* Project object */ = {
			isa = PBXProject;
			attributes = {
				BuildIndependentTargetsInParallel = 1;
				LastSwiftUpdateCheck = 1320;
				LastUpgradeCheck = 1320;
				TargetAttributes = {
					FF3AEE1627F2D797001A81AB = {
						CreatedOnToolsVersion = 13.2.1;
					};
				};
			};
			buildConfigurationList = FF3AEE1227F2D797001A81AB /* Build configuration list for PBXProject "MediasoupExample" */;
			compatibilityVersion = "Xcode 13.0";
			developmentRegion = en;
			hasScannedForEncodings = 0;
			knownRegions = (
				en,
				Base,
			);
			mainGroup = FF3AEE0E27F2D797001A81AB;
			productRefGroup = FF3AEE1827F2D797001A81AB /* Products */;
			projectDirPath = "";
			projectRoot = "";
			targets = (
				FF3AEE1627F2D797001A81AB /* MediasoupExample */,
			);
		};
/* End PBXProject section */

/* Begin PBXResourcesBuildPhase section */
		FF3AEE1527F2D797001A81AB /* Resources */ = {
			isa = PBXResourcesBuildPhase;
			buildActionMask = 2147483647;
			files = (
				FF3AEE2727F2D798001A81AB /* LaunchScreen.storyboard in Resources */,
				FF3AEE2427F2D798001A81AB /* Assets.xcassets in Resources */,
				FF3AEE2227F2D797001A81AB /* Main.storyboard in Resources */,
			);
			runOnlyForDeploymentPostprocessing = 0;
		};
/* End PBXResourcesBuildPhase section */

/* Begin PBXShellScriptBuildPhase section */
		5CF479DC17C1FEAD3B0B6963 /* [CP] Check Pods Manifest.lock */ = {
			isa = PBXShellScriptBuildPhase;
			buildActionMask = 2147483647;
			files = (
			);
			inputFileListPaths = (
			);
			inputPaths = (
				"${PODS_PODFILE_DIR_PATH}/Podfile.lock",
				"${PODS_ROOT}/Manifest.lock",
			);
			name = "[CP] Check Pods Manifest.lock";
			outputFileListPaths = (
			);
			outputPaths = (
				"$(DERIVED_FILE_DIR)/Pods-MediasoupExample-checkManifestLockResult.txt",
			);
			runOnlyForDeploymentPostprocessing = 0;
			shellPath = /bin/sh;
			shellScript = "diff \"${PODS_PODFILE_DIR_PATH}/Podfile.lock\" \"${PODS_ROOT}/Manifest.lock\" > /dev/null\nif [ $? != 0 ] ; then\n    # print error to STDERR\n    echo \"error: The sandbox is not in sync with the Podfile.lock. Run 'pod install' or update your CocoaPods installation.\" >&2\n    exit 1\nfi\n# This output is used by Xcode 'outputs' to avoid re-running this script phase.\necho \"SUCCESS\" > \"${SCRIPT_OUTPUT_FILE_0}\"\n";
			showEnvVarsInLog = 0;
		};
		C1154C9023AFFD07846E6EA9 /* [CP] Embed Pods Frameworks */ = {
			isa = PBXShellScriptBuildPhase;
			buildActionMask = 2147483647;
			files = (
			);
			inputFileListPaths = (
				"${PODS_ROOT}/Target Support Files/Pods-MediasoupExample/Pods-MediasoupExample-frameworks-${CONFIGURATION}-input-files.xcfilelist",
			);
			name = "[CP] Embed Pods Frameworks";
			outputFileListPaths = (
				"${PODS_ROOT}/Target Support Files/Pods-MediasoupExample/Pods-MediasoupExample-frameworks-${CONFIGURATION}-output-files.xcfilelist",
			);
			runOnlyForDeploymentPostprocessing = 0;
			shellPath = /bin/sh;
			shellScript = "\"${PODS_ROOT}/Target Support Files/Pods-MediasoupExample/Pods-MediasoupExample-frameworks.sh\"\n";
			showEnvVarsInLog = 0;
		};
/* End PBXShellScriptBuildPhase section */

/* Begin PBXSourcesBuildPhase section */
		FF3AEE1327F2D797001A81AB /* Sources */ = {
			isa = PBXSourcesBuildPhase;
			buildActionMask = 2147483647;
			files = (
				FF3AEE1F27F2D797001A81AB /* ViewController.swift in Sources */,
				FF3AEE1B27F2D797001A81AB /* AppDelegate.swift in Sources */,
				FF89EFD827F6CABA00EEF5CD /* SceneDelegate.swift in Sources */,
				FF7FA6C727FE9370000B6470 /* TestData.swift in Sources */,
			);
			runOnlyForDeploymentPostprocessing = 0;
		};
/* End PBXSourcesBuildPhase section */

/* Begin PBXVariantGroup section */
		FF3AEE2027F2D797001A81AB /* Main.storyboard */ = {
			isa = PBXVariantGroup;
			children = (
				FF3AEE2127F2D797001A81AB /* Base */,
			);
			name = Main.storyboard;
			sourceTree = "<group>";
		};
		FF3AEE2527F2D798001A81AB /* LaunchScreen.storyboard */ = {
			isa = PBXVariantGroup;
			children = (
				FF3AEE2627F2D798001A81AB /* Base */,
			);
			name = LaunchScreen.storyboard;
			sourceTree = "<group>";
		};
/* End PBXVariantGroup section */

/* Begin XCBuildConfiguration section */
		FF3AEE2927F2D798001A81AB /* Debug */ = {
			isa = XCBuildConfiguration;
			buildSettings = {
				ALWAYS_SEARCH_USER_PATHS = NO;
				CLANG_ANALYZER_NONNULL = YES;
				CLANG_ANALYZER_NUMBER_OBJECT_CONVERSION = YES_AGGRESSIVE;
				CLANG_CXX_LANGUAGE_STANDARD = "gnu++17";
				CLANG_CXX_LIBRARY = "libc++";
				CLANG_ENABLE_MODULES = YES;
				CLANG_ENABLE_OBJC_ARC = YES;
				CLANG_ENABLE_OBJC_WEAK = YES;
				CLANG_WARN_BLOCK_CAPTURE_AUTORELEASING = YES;
				CLANG_WARN_BOOL_CONVERSION = YES;
				CLANG_WARN_COMMA = YES;
				CLANG_WARN_CONSTANT_CONVERSION = YES;
				CLANG_WARN_DEPRECATED_OBJC_IMPLEMENTATIONS = YES;
				CLANG_WARN_DIRECT_OBJC_ISA_USAGE = YES_ERROR;
				CLANG_WARN_DOCUMENTATION_COMMENTS = YES;
				CLANG_WARN_EMPTY_BODY = YES;
				CLANG_WARN_ENUM_CONVERSION = YES;
				CLANG_WARN_INFINITE_RECURSION = YES;
				CLANG_WARN_INT_CONVERSION = YES;
				CLANG_WARN_NON_LITERAL_NULL_CONVERSION = YES;
				CLANG_WARN_OBJC_IMPLICIT_RETAIN_SELF = YES;
				CLANG_WARN_OBJC_LITERAL_CONVERSION = YES;
				CLANG_WARN_OBJC_ROOT_CLASS = YES_ERROR;
				CLANG_WARN_QUOTED_INCLUDE_IN_FRAMEWORK_HEADER = YES;
				CLANG_WARN_RANGE_LOOP_ANALYSIS = YES;
				CLANG_WARN_STRICT_PROTOTYPES = YES;
				CLANG_WARN_SUSPICIOUS_MOVE = YES;
				CLANG_WARN_UNGUARDED_AVAILABILITY = YES_AGGRESSIVE;
				CLANG_WARN_UNREACHABLE_CODE = YES;
				CLANG_WARN__DUPLICATE_METHOD_MATCH = YES;
				COPY_PHASE_STRIP = NO;
				DEBUG_INFORMATION_FORMAT = dwarf;
				ENABLE_STRICT_OBJC_MSGSEND = YES;
				ENABLE_TESTABILITY = YES;
				GCC_C_LANGUAGE_STANDARD = gnu11;
				GCC_DYNAMIC_NO_PIC = NO;
				GCC_NO_COMMON_BLOCKS = YES;
				GCC_OPTIMIZATION_LEVEL = 0;
				GCC_PREPROCESSOR_DEFINITIONS = (
					"DEBUG=1",
					"$(inherited)",
				);
				GCC_WARN_64_TO_32_BIT_CONVERSION = YES;
				GCC_WARN_ABOUT_RETURN_TYPE = YES_ERROR;
				GCC_WARN_UNDECLARED_SELECTOR = YES;
				GCC_WARN_UNINITIALIZED_AUTOS = YES_AGGRESSIVE;
				GCC_WARN_UNUSED_FUNCTION = YES;
				GCC_WARN_UNUSED_VARIABLE = YES;
				IPHONEOS_DEPLOYMENT_TARGET = 14.0;
				MTL_ENABLE_DEBUG_INFO = INCLUDE_SOURCE;
				MTL_FAST_MATH = YES;
				ONLY_ACTIVE_ARCH = YES;
				SDKROOT = iphoneos;
				SWIFT_ACTIVE_COMPILATION_CONDITIONS = DEBUG;
				SWIFT_OPTIMIZATION_LEVEL = "-Onone";
			};
			name = Debug;
		};
		FF3AEE2A27F2D798001A81AB /* Release */ = {
			isa = XCBuildConfiguration;
			buildSettings = {
				ALWAYS_SEARCH_USER_PATHS = NO;
				CLANG_ANALYZER_NONNULL = YES;
				CLANG_ANALYZER_NUMBER_OBJECT_CONVERSION = YES_AGGRESSIVE;
				CLANG_CXX_LANGUAGE_STANDARD = "gnu++17";
				CLANG_CXX_LIBRARY = "libc++";
				CLANG_ENABLE_MODULES = YES;
				CLANG_ENABLE_OBJC_ARC = YES;
				CLANG_ENABLE_OBJC_WEAK = YES;
				CLANG_WARN_BLOCK_CAPTURE_AUTORELEASING = YES;
				CLANG_WARN_BOOL_CONVERSION = YES;
				CLANG_WARN_COMMA = YES;
				CLANG_WARN_CONSTANT_CONVERSION = YES;
				CLANG_WARN_DEPRECATED_OBJC_IMPLEMENTATIONS = YES;
				CLANG_WARN_DIRECT_OBJC_ISA_USAGE = YES_ERROR;
				CLANG_WARN_DOCUMENTATION_COMMENTS = YES;
				CLANG_WARN_EMPTY_BODY = YES;
				CLANG_WARN_ENUM_CONVERSION = YES;
				CLANG_WARN_INFINITE_RECURSION = YES;
				CLANG_WARN_INT_CONVERSION = YES;
				CLANG_WARN_NON_LITERAL_NULL_CONVERSION = YES;
				CLANG_WARN_OBJC_IMPLICIT_RETAIN_SELF = YES;
				CLANG_WARN_OBJC_LITERAL_CONVERSION = YES;
				CLANG_WARN_OBJC_ROOT_CLASS = YES_ERROR;
				CLANG_WARN_QUOTED_INCLUDE_IN_FRAMEWORK_HEADER = YES;
				CLANG_WARN_RANGE_LOOP_ANALYSIS = YES;
				CLANG_WARN_STRICT_PROTOTYPES = YES;
				CLANG_WARN_SUSPICIOUS_MOVE = YES;
				CLANG_WARN_UNGUARDED_AVAILABILITY = YES_AGGRESSIVE;
				CLANG_WARN_UNREACHABLE_CODE = YES;
				CLANG_WARN__DUPLICATE_METHOD_MATCH = YES;
				COPY_PHASE_STRIP = NO;
				DEBUG_INFORMATION_FORMAT = "dwarf-with-dsym";
				ENABLE_NS_ASSERTIONS = NO;
				ENABLE_STRICT_OBJC_MSGSEND = YES;
				GCC_C_LANGUAGE_STANDARD = gnu11;
				GCC_NO_COMMON_BLOCKS = YES;
				GCC_WARN_64_TO_32_BIT_CONVERSION = YES;
				GCC_WARN_ABOUT_RETURN_TYPE = YES_ERROR;
				GCC_WARN_UNDECLARED_SELECTOR = YES;
				GCC_WARN_UNINITIALIZED_AUTOS = YES_AGGRESSIVE;
				GCC_WARN_UNUSED_FUNCTION = YES;
				GCC_WARN_UNUSED_VARIABLE = YES;
				IPHONEOS_DEPLOYMENT_TARGET = 14.0;
				MTL_ENABLE_DEBUG_INFO = NO;
				MTL_FAST_MATH = YES;
				SDKROOT = iphoneos;
				SWIFT_COMPILATION_MODE = wholemodule;
				SWIFT_OPTIMIZATION_LEVEL = "-O";
				VALIDATE_PRODUCT = YES;
			};
			name = Release;
		};
		FF3AEE2C27F2D798001A81AB /* Debug */ = {
			isa = XCBuildConfiguration;
			baseConfigurationReference = 43C2CA13694CA59A555C2BC4 /* Pods-MediasoupExample.debug.xcconfig */;
			buildSettings = {
				ASSETCATALOG_COMPILER_APPICON_NAME = AppIcon;
				ASSETCATALOG_COMPILER_GLOBAL_ACCENT_COLOR_NAME = AccentColor;
				CODE_SIGN_STYLE = Automatic;
				CURRENT_PROJECT_VERSION = 1;
				DEVELOPMENT_TEAM = ZZ67H72W73;
				ENABLE_BITCODE = NO;
				GENERATE_INFOPLIST_FILE = YES;
				INFOPLIST_FILE = MediasoupExample/Info.plist;
				INFOPLIST_KEY_UIApplicationSupportsIndirectInputEvents = YES;
				INFOPLIST_KEY_UILaunchStoryboardName = LaunchScreen;
				INFOPLIST_KEY_UIMainStoryboardFile = Main;
				INFOPLIST_KEY_UISupportedInterfaceOrientations_iPad = "UIInterfaceOrientationPortrait UIInterfaceOrientationPortraitUpsideDown UIInterfaceOrientationLandscapeLeft UIInterfaceOrientationLandscapeRight";
				INFOPLIST_KEY_UISupportedInterfaceOrientations_iPhone = "UIInterfaceOrientationPortrait UIInterfaceOrientationLandscapeLeft UIInterfaceOrientationLandscapeRight";
				LD_RUNPATH_SEARCH_PATHS = (
					"$(inherited)",
					"@executable_path/Frameworks",
				);
				MARKETING_VERSION = 1.0;
				PRODUCT_BUNDLE_IDENTIFIER = pro.vlprojects.MediasoupExample;
				PRODUCT_NAME = "$(TARGET_NAME)";
				SWIFT_EMIT_LOC_STRINGS = YES;
				SWIFT_VERSION = 5.0;
				TARGETED_DEVICE_FAMILY = "1,2";
			};
			name = Debug;
		};
		FF3AEE2D27F2D798001A81AB /* Release */ = {
			isa = XCBuildConfiguration;
			baseConfigurationReference = 9D585EBF83F0B1E68E365F1F /* Pods-MediasoupExample.release.xcconfig */;
			buildSettings = {
				ASSETCATALOG_COMPILER_APPICON_NAME = AppIcon;
				ASSETCATALOG_COMPILER_GLOBAL_ACCENT_COLOR_NAME = AccentColor;
				CODE_SIGN_STYLE = Automatic;
				CURRENT_PROJECT_VERSION = 1;
				DEVELOPMENT_TEAM = ZZ67H72W73;
				ENABLE_BITCODE = NO;
				GENERATE_INFOPLIST_FILE = YES;
				INFOPLIST_FILE = MediasoupExample/Info.plist;
				INFOPLIST_KEY_UIApplicationSupportsIndirectInputEvents = YES;
				INFOPLIST_KEY_UILaunchStoryboardName = LaunchScreen;
				INFOPLIST_KEY_UIMainStoryboardFile = Main;
				INFOPLIST_KEY_UISupportedInterfaceOrientations_iPad = "UIInterfaceOrientationPortrait UIInterfaceOrientationPortraitUpsideDown UIInterfaceOrientationLandscapeLeft UIInterfaceOrientationLandscapeRight";
				INFOPLIST_KEY_UISupportedInterfaceOrientations_iPhone = "UIInterfaceOrientationPortrait UIInterfaceOrientationLandscapeLeft UIInterfaceOrientationLandscapeRight";
				LD_RUNPATH_SEARCH_PATHS = (
					"$(inherited)",
					"@executable_path/Frameworks",
				);
				MARKETING_VERSION = 1.0;
				PRODUCT_BUNDLE_IDENTIFIER = pro.vlprojects.MediasoupExample;
				PRODUCT_NAME = "$(TARGET_NAME)";
				SWIFT_EMIT_LOC_STRINGS = YES;
				SWIFT_VERSION = 5.0;
				TARGETED_DEVICE_FAMILY = "1,2";
			};
			name = Release;
		};
/* End XCBuildConfiguration section */

/* Begin XCConfigurationList section */
		FF3AEE1227F2D797001A81AB /* Build configuration list for PBXProject "MediasoupExample" */ = {
			isa = XCConfigurationList;
			buildConfigurations = (
				FF3AEE2927F2D798001A81AB /* Debug */,
				FF3AEE2A27F2D798001A81AB /* Release */,
			);
			defaultConfigurationIsVisible = 0;
			defaultConfigurationName = Release;
		};
		FF3AEE2B27F2D798001A81AB /* Build configuration list for PBXNativeTarget "MediasoupExample" */ = {
			isa = XCConfigurationList;
			buildConfigurations = (
				FF3AEE2C27F2D798001A81AB /* Debug */,
				FF3AEE2D27F2D798001A81AB /* Release */,
			);
			defaultConfigurationIsVisible = 0;
			defaultConfigurationName = Release;
		};
/* End XCConfigurationList section */
	};
	rootObject = FF3AEE0F27F2D797001A81AB /* Project object */;
}
